
Microsoft Visual Studio Solution File, Format Version 12.00
# Visual Studio 2013
VisualStudioVersion = 12.0.21005.1
MinimumVisualStudioVersion = 10.0.40219.1
Project("{FAE04EC0-301F-11D3-BF4B-00C04F79EFBC}") = "project20161112", "project20161112\project20161112.csproj", "{835F910D-0437-483F-8914-2B5EAE42382B}"
EndProject
Global
	GlobalSection(SolutionConfigurationPlatforms) = preSolution
		Debug|Any CPU = Debug|Any CPU
		Release|Any CPU = Release|Any CPU
	EndGlobalSection
	GlobalSection(ProjectConfigurationPlatforms) = postSolution
		{835F910D-0437-483F-8914-2B5EAE42382B}.Debug|Any CPU.ActiveCfg = Debug|Any CPU
		{835F910D-0437-483F-8914-2B5EAE42382B}.Debug|Any CPU.Build.0 = Debug|Any CPU
		{835F910D-0437-483F-8914-2B5EAE42382B}.Release|Any CPU.ActiveCfg = Release|Any CPU
		{835F910D-0437-483F-8914-2B5EAE42382B}.Release|Any CPU.Build.0 = Release|Any CPU
	EndGlobalSection
	GlobalSection(SolutionProperties) = preSolution
		HideSolutionNode = FALSE
	EndGlobalSection
EndGlobal
